# This file is automatically @generated by Cargo.
# It is not intended for manual editing.
version = 3

[[package]]
name = "adler"
version = "1.0.2"
source = "registry+https://github.com/rust-lang/crates.io-index"
checksum = "f26201604c87b1e01bd3d98f8d5d9a8fcbb815e8cedb41ffccbeb4bf593a35fe"

[[package]]
name = "aho-corasick"
version = "0.7.20"
source = "registry+https://github.com/rust-lang/crates.io-index"
checksum = "cc936419f96fa211c1b9166887b38e5e40b19958e5b895be7c1f93adec7071ac"
dependencies = [
 "memchr",
]

[[package]]
name = "anyhow"
version = "1.0.79"
source = "registry+https://github.com/rust-lang/crates.io-index"
checksum = "080e9890a082662b09c1ad45f567faeeb47f22b5fb23895fbe1e651e718e25ca"

[[package]]
name = "autocfg"
version = "0.1.8"
source = "registry+https://github.com/rust-lang/crates.io-index"
checksum = "0dde43e75fd43e8a1bf86103336bc699aa8d17ad1be60c76c0bdfd4828e19b78"
dependencies = [
 "autocfg 1.1.0",
]

[[package]]
name = "autocfg"
version = "1.1.0"
source = "registry+https://github.com/rust-lang/crates.io-index"
checksum = "d468802bab17cbc0cc575e9b053f41e72aa36bfa6b7f55e3529ffa43161b97fa"

[[package]]
name = "bit-vec"
version = "0.6.3"
source = "registry+https://github.com/rust-lang/crates.io-index"
checksum = "349f9b6a179ed607305526ca489b34ad0a41aed5f7980fa90eb03160b69598fb"

[[package]]
name = "bitflags"
version = "1.3.2"
source = "registry+https://github.com/rust-lang/crates.io-index"
checksum = "bef38d45163c2f1dde094a7dfd33ccf595c92905c8f8f4fdc18d06fb1037718a"

[[package]]
name = "blake2b-ref"
version = "0.3.1"
source = "registry+https://github.com/rust-lang/crates.io-index"
checksum = "294d17c72e0ba59fad763caa112368d0672083779cdebbb97164f4bb4c1e339a"

[[package]]
name = "blake2b-rs"
version = "0.1.5"
source = "registry+https://github.com/rust-lang/crates.io-index"
checksum = "6e35e362830ef90ecea16f09b21b75d22d33a8562a679c74ab4f4fa49b4fcb87"
dependencies = [
 "cc",
]

[[package]]
name = "blake2b-rs"
version = "0.2.0"
source = "registry+https://github.com/rust-lang/crates.io-index"
checksum = "a89a8565807f21b913288968e391819e7f9b2f0f46c7b89549c051cccf3a2771"
dependencies = [
 "cc",
 "cty",
]

[[package]]
name = "block-buffer"
version = "0.7.3"
source = "registry+https://github.com/rust-lang/crates.io-index"
checksum = "c0940dc441f31689269e10ac70eb1002a3a1d3ad1390e030043662eb7fe4688b"
dependencies = [
 "block-padding",
 "byte-tools",
 "byteorder",
 "generic-array",
]

[[package]]
name = "block-padding"
version = "0.1.5"
source = "registry+https://github.com/rust-lang/crates.io-index"
checksum = "fa79dedbb091f449f1f39e53edf88d5dbe95f895dae6135a8d7b881fb5af73f5"
dependencies = [
 "byte-tools",
]

[[package]]
name = "byte-tools"
version = "0.3.1"
source = "registry+https://github.com/rust-lang/crates.io-index"
checksum = "e3b5ca7a04898ad4bcd41c90c5285445ff5b791899bb1b0abdd2a2aa791211d7"

[[package]]
name = "byteorder"
version = "1.4.3"
source = "registry+https://github.com/rust-lang/crates.io-index"
checksum = "14c189c53d098945499cdfa7ecc63567cf3886b3332b312a5b4585d8d3a6a610"

[[package]]
name = "bytes"
version = "1.5.0"
source = "registry+https://github.com/rust-lang/crates.io-index"
checksum = "a2bd12c1caf447e69cd4528f47f94d203fd2582878ecb9e9465484c4148a8223"
dependencies = [
 "serde",
]

[[package]]
name = "cc"
version = "1.0.41"
source = "registry+https://github.com/rust-lang/crates.io-index"
checksum = "8dae9c4b8fedcae85592ba623c4fd08cfdab3e3b72d6df780c6ead964a69bfff"

[[package]]
name = "cfg-if"
version = "1.0.0"
source = "registry+https://github.com/rust-lang/crates.io-index"
checksum = "baf1de4339761588bc0619e3cbc0120ee582ebb74b53b4efbf79117bd2da40fd"

[[package]]
name = "ckb-chain-spec"
version = "0.112.1"
source = "git+https://github.com/nervosnetwork/ckb.git?rev=v0.112.1#4b1bcd78b5caceac9a0596fca85692563708cd90"
dependencies = [
 "ckb-constant",
 "ckb-crypto",
 "ckb-dao-utils",
 "ckb-error",
 "ckb-hash",
 "ckb-jsonrpc-types",
 "ckb-pow",
 "ckb-rational",
 "ckb-resource",
 "ckb-traits",
 "ckb-types",
 "ckb-util",
 "serde",
 "toml",
]

[[package]]
name = "ckb-channel"
version = "0.112.1"
source = "git+https://github.com/nervosnetwork/ckb.git?rev=v0.112.1#4b1bcd78b5caceac9a0596fca85692563708cd90"
dependencies = [
 "crossbeam-channel",
]

[[package]]
name = "ckb-constant"
version = "0.112.1"
source = "git+https://github.com/nervosnetwork/ckb.git?rev=v0.112.1#4b1bcd78b5caceac9a0596fca85692563708cd90"

[[package]]
name = "ckb-crypto"
version = "0.112.1"
source = "git+https://github.com/nervosnetwork/ckb.git?rev=v0.112.1#4b1bcd78b5caceac9a0596fca85692563708cd90"
dependencies = [
 "ckb-fixed-hash",
 "faster-hex 0.6.1",
 "lazy_static",
 "rand 0.7.3",
 "secp256k1 0.24.3",
 "thiserror",
]

[[package]]
name = "ckb-dao-utils"
version = "0.112.1"
source = "git+https://github.com/nervosnetwork/ckb.git?rev=v0.112.1#4b1bcd78b5caceac9a0596fca85692563708cd90"
dependencies = [
 "byteorder",
 "ckb-error",
 "ckb-types",
]

[[package]]
name = "ckb-error"
version = "0.112.1"
source = "git+https://github.com/nervosnetwork/ckb.git?rev=v0.112.1#4b1bcd78b5caceac9a0596fca85692563708cd90"
dependencies = [
 "anyhow",
 "ckb-occupied-capacity",
 "derive_more",
 "thiserror",
]

[[package]]
name = "ckb-fixed-hash"
version = "0.112.1"
source = "git+https://github.com/nervosnetwork/ckb.git?rev=v0.112.1#4b1bcd78b5caceac9a0596fca85692563708cd90"
dependencies = [
 "ckb-fixed-hash-core",
 "ckb-fixed-hash-macros",
]

[[package]]
name = "ckb-fixed-hash-core"
version = "0.112.1"
source = "git+https://github.com/nervosnetwork/ckb.git?rev=v0.112.1#4b1bcd78b5caceac9a0596fca85692563708cd90"
dependencies = [
 "faster-hex 0.6.1",
 "serde",
 "thiserror",
]

[[package]]
name = "ckb-fixed-hash-macros"
version = "0.112.1"
source = "git+https://github.com/nervosnetwork/ckb.git?rev=v0.112.1#4b1bcd78b5caceac9a0596fca85692563708cd90"
dependencies = [
 "ckb-fixed-hash-core",
 "proc-macro2",
 "quote",
 "syn",
]

[[package]]
name = "ckb-gen-types"
version = "0.112.1"
source = "git+https://github.com/nervosnetwork/ckb.git?rev=v0.112.1#4b1bcd78b5caceac9a0596fca85692563708cd90"
dependencies = [
 "cfg-if",
 "ckb-error",
 "ckb-fixed-hash",
 "ckb-hash",
 "ckb-occupied-capacity",
 "molecule",
 "numext-fixed-uint",
]

[[package]]
name = "ckb-hash"
version = "0.112.1"
source = "git+https://github.com/nervosnetwork/ckb.git?rev=v0.112.1#4b1bcd78b5caceac9a0596fca85692563708cd90"
dependencies = [
 "blake2b-ref",
 "blake2b-rs 0.2.0",
]

[[package]]
name = "ckb-jsonrpc-types"
version = "0.112.1"
source = "git+https://github.com/nervosnetwork/ckb.git?rev=v0.112.1#4b1bcd78b5caceac9a0596fca85692563708cd90"
dependencies = [
 "ckb-types",
 "faster-hex 0.6.1",
 "serde",
 "serde_json",
]

[[package]]
name = "ckb-logger"
version = "0.112.1"
source = "git+https://github.com/nervosnetwork/ckb.git?rev=v0.112.1#4b1bcd78b5caceac9a0596fca85692563708cd90"
dependencies = [
 "log",
]

[[package]]
name = "ckb-merkle-mountain-range"
version = "0.5.2"
source = "registry+https://github.com/rust-lang/crates.io-index"
checksum = "56ccb671c5921be8a84686e6212ca184cb1d7c51cadcdbfcbd1cc3f042f5dfb8"
dependencies = [
 "cfg-if",
]

[[package]]
name = "ckb-occupied-capacity"
version = "0.112.1"
source = "git+https://github.com/nervosnetwork/ckb.git?rev=v0.112.1#4b1bcd78b5caceac9a0596fca85692563708cd90"
dependencies = [
 "ckb-occupied-capacity-core",
 "ckb-occupied-capacity-macros",
]

[[package]]
name = "ckb-occupied-capacity-core"
version = "0.112.1"
source = "git+https://github.com/nervosnetwork/ckb.git?rev=v0.112.1#4b1bcd78b5caceac9a0596fca85692563708cd90"
dependencies = [
 "serde",
]

[[package]]
name = "ckb-occupied-capacity-macros"
version = "0.112.1"
source = "git+https://github.com/nervosnetwork/ckb.git?rev=v0.112.1#4b1bcd78b5caceac9a0596fca85692563708cd90"
dependencies = [
 "ckb-occupied-capacity-core",
 "quote",
 "syn",
]

[[package]]
name = "ckb-pow"
version = "0.112.1"
source = "git+https://github.com/nervosnetwork/ckb.git?rev=v0.112.1#4b1bcd78b5caceac9a0596fca85692563708cd90"
dependencies = [
 "byteorder",
 "ckb-hash",
 "ckb-types",
 "eaglesong",
 "log",
 "serde",
]

[[package]]
name = "ckb-production-scripts"
version = "0.5.1"
dependencies = [
 "blake2b-rs 0.1.5",
 "byteorder",
 "ckb-chain-spec",
 "ckb-crypto",
 "ckb-dao-utils",
 "ckb-error",
 "ckb-hash",
 "ckb-script",
 "ckb-traits",
 "ckb-types",
 "faster-hex 0.3.1",
 "includedir 0.5.0",
 "includedir_codegen 0.5.0",
 "lazy_static",
 "phf 0.7.24",
 "rand 0.6.5",
 "ripemd160",
 "secp256k1 0.15.5",
 "sha2",
]

[[package]]
name = "ckb-rational"
version = "0.112.1"
source = "git+https://github.com/nervosnetwork/ckb.git?rev=v0.112.1#4b1bcd78b5caceac9a0596fca85692563708cd90"
dependencies = [
 "numext-fixed-uint",
 "serde",
]

[[package]]
name = "ckb-resource"
version = "0.112.1"
source = "git+https://github.com/nervosnetwork/ckb.git?rev=v0.112.1#4b1bcd78b5caceac9a0596fca85692563708cd90"
dependencies = [
 "ckb-system-scripts",
 "ckb-types",
 "includedir 0.6.0",
 "includedir_codegen 0.6.0",
 "phf 0.8.0",
 "serde",
 "walkdir",
]

[[package]]
name = "ckb-script"
version = "0.112.1"
source = "git+https://github.com/nervosnetwork/ckb.git?rev=v0.112.1#4b1bcd78b5caceac9a0596fca85692563708cd90"
dependencies = [
 "byteorder",
 "ckb-chain-spec",
 "ckb-error",
 "ckb-hash",
 "ckb-logger",
 "ckb-traits",
 "ckb-types",
 "ckb-vm",
 "faster-hex 0.6.1",
 "serde",
]

[[package]]
name = "ckb-system-scripts"
version = "0.5.4"
source = "registry+https://github.com/rust-lang/crates.io-index"
checksum = "fa5c59063142de7a68cfad4449c6b3863563856219a2925dfb8c5f019ec2aa47"
dependencies = [
 "blake2b-rs 0.2.0",
 "faster-hex 0.6.1",
 "includedir 0.6.0",
 "includedir_codegen 0.6.0",
 "phf 0.8.0",
]

[[package]]
name = "ckb-traits"
version = "0.112.1"
source = "git+https://github.com/nervosnetwork/ckb.git?rev=v0.112.1#4b1bcd78b5caceac9a0596fca85692563708cd90"
dependencies = [
 "ckb-types",
]

[[package]]
name = "ckb-types"
version = "0.112.1"
source = "git+https://github.com/nervosnetwork/ckb.git?rev=v0.112.1#4b1bcd78b5caceac9a0596fca85692563708cd90"
dependencies = [
 "bit-vec",
 "bytes",
 "ckb-channel",
 "ckb-constant",
 "ckb-error",
 "ckb-fixed-hash",
 "ckb-gen-types",
 "ckb-hash",
 "ckb-merkle-mountain-range",
 "ckb-occupied-capacity",
 "ckb-rational",
 "derive_more",
 "golomb-coded-set",
 "merkle-cbt",
 "molecule",
 "numext-fixed-uint",
 "once_cell",
 "paste",
]

[[package]]
name = "ckb-util"
version = "0.112.1"
source = "git+https://github.com/nervosnetwork/ckb.git?rev=v0.112.1#4b1bcd78b5caceac9a0596fca85692563708cd90"
dependencies = [
 "linked-hash-map",
 "once_cell",
 "parking_lot",
 "regex",
]

[[package]]
name = "ckb-vm"
version = "0.24.6"
source = "registry+https://github.com/rust-lang/crates.io-index"
checksum = "0cc004a826b9bc9319ffae0b8415690e1b5f1482266d55fbd43843aa40ddcd63"
dependencies = [
 "byteorder",
 "bytes",
 "cc",
 "ckb-vm-definitions",
 "derive_more",
 "goblin 0.2.3",
 "goblin 0.4.0",
 "rand 0.7.3",
 "scroll",
 "serde",
]

[[package]]
name = "ckb-vm-definitions"
version = "0.24.6"
source = "registry+https://github.com/rust-lang/crates.io-index"
checksum = "c4ced3ff9d79b53d93c106720f6c1f855694290e33581850e05c859500eee83f"
dependencies = [
 "paste",
]

[[package]]
name = "cloudabi"
version = "0.0.3"
source = "registry+https://github.com/rust-lang/crates.io-index"
checksum = "ddfc5b9aa5d4507acaf872de71051dfd0e309860e88966e1051e462a077aac4f"
dependencies = [
 "bitflags",
]

[[package]]
name = "convert_case"
version = "0.4.0"
source = "registry+https://github.com/rust-lang/crates.io-index"
checksum = "6245d59a3e82a7fc217c5828a6692dbc6dfb63a0c8c90495621f7b9d79704a0e"

[[package]]
name = "crc32fast"
version = "1.3.2"
source = "registry+https://github.com/rust-lang/crates.io-index"
checksum = "b540bd8bc810d3885c6ea91e2018302f68baba2129ab3e88f32389ee9370880d"
dependencies = [
 "cfg-if",
]

[[package]]
name = "crossbeam-channel"
version = "0.5.10"
source = "registry+https://github.com/rust-lang/crates.io-index"
checksum = "82a9b73a36529d9c47029b9fb3a6f0ea3cc916a261195352ba19e770fc1748b2"
dependencies = [
 "cfg-if",
 "crossbeam-utils",
]

[[package]]
name = "crossbeam-utils"
version = "0.8.18"
source = "registry+https://github.com/rust-lang/crates.io-index"
checksum = "c3a430a770ebd84726f584a90ee7f020d28db52c6d02138900f22341f866d39c"
dependencies = [
 "cfg-if",
]

[[package]]
name = "cty"
version = "0.2.2"
source = "registry+https://github.com/rust-lang/crates.io-index"
checksum = "b365fabc795046672053e29c954733ec3b05e4be654ab130fe8f1f94d7051f35"

[[package]]
name = "derive_more"
version = "0.99.17"
source = "registry+https://github.com/rust-lang/crates.io-index"
checksum = "4fb810d30a7c1953f91334de7244731fc3f3c10d7fe163338a35b9f640960321"
dependencies = [
 "convert_case",
 "proc-macro2",
 "quote",
 "rustc_version",
 "syn",
]

[[package]]
name = "digest"
version = "0.8.1"
source = "registry+https://github.com/rust-lang/crates.io-index"
checksum = "f3d0c8c8752312f9713efd397ff63acb9f85585afbf179282e720e7704954dd5"
dependencies = [
 "generic-array",
]

[[package]]
name = "eaglesong"
version = "0.1.0"
source = "registry+https://github.com/rust-lang/crates.io-index"
checksum = "8d978bd5d343e8ab9b5c0fc8d93ff9c602fdc96616ffff9c05ac7a155419b824"

[[package]]
name = "fake-simd"
version = "0.1.2"
source = "registry+https://github.com/rust-lang/crates.io-index"
checksum = "e88a8acf291dafb59c2d96e8f59828f3838bb1a70398823ade51a84de6a6deed"

[[package]]
name = "faster-hex"
version = "0.3.1"
source = "registry+https://github.com/rust-lang/crates.io-index"
checksum = "a5b8cccaafb5aae8c282692e5590f341925edea6c696e8715ff0d973320b2646"

[[package]]
name = "faster-hex"
version = "0.6.1"
source = "registry+https://github.com/rust-lang/crates.io-index"
checksum = "51e2ce894d53b295cf97b05685aa077950ff3e8541af83217fc720a6437169f8"

[[package]]
name = "flate2"
version = "1.0.25"
source = "registry+https://github.com/rust-lang/crates.io-index"
checksum = "a8a2db397cb1c8772f31494cb8917e48cd1e64f0fa7efac59fbd741a0a8ce841"
dependencies = [
 "crc32fast",
 "miniz_oxide",
]

[[package]]
name = "fuchsia-cprng"
version = "0.1.1"
source = "registry+https://github.com/rust-lang/crates.io-index"
checksum = "a06f77d526c1a601b7c4cdd98f54b5eaabffc14d5f2f0296febdc7f357c6d3ba"

[[package]]
name = "generic-array"
version = "0.12.4"
source = "registry+https://github.com/rust-lang/crates.io-index"
checksum = "ffdf9f34f1447443d37393cc6c2b8313aebddcd96906caf34e54c68d8e57d7bd"
dependencies = [
 "typenum",
]

[[package]]
name = "getrandom"
version = "0.1.16"
source = "registry+https://github.com/rust-lang/crates.io-index"
checksum = "8fc3cb4d91f53b50155bdcfd23f6a4c39ae1969c2ae85982b135750cccaf5fce"
dependencies = [
 "cfg-if",
 "libc",
 "wasi",
]

[[package]]
name = "goblin"
version = "0.2.3"
source = "registry+https://github.com/rust-lang/crates.io-index"
checksum = "d20fd25aa456527ce4f544271ae4fea65d2eda4a6561ea56f39fb3ee4f7e3884"
dependencies = [
 "log",
 "plain",
 "scroll",
]

[[package]]
name = "goblin"
version = "0.4.0"
source = "registry+https://github.com/rust-lang/crates.io-index"
checksum = "532a09cd3df2c6bbfc795fb0434bff8f22255d1d07328180e918a2e6ce122d4d"
dependencies = [
 "log",
 "plain",
 "scroll",
]

[[package]]
name = "golomb-coded-set"
version = "0.2.0"
source = "registry+https://github.com/rust-lang/crates.io-index"
checksum = "4c7076c0cd6257d84b785b0f22c36443dd47a5e86a1256d7ef82c8cb88ea9a7e"
dependencies = [
 "siphasher 0.3.11",
]

[[package]]
name = "heapsize"
version = "0.4.2"
source = "registry+https://github.com/rust-lang/crates.io-index"
checksum = "1679e6ea370dee694f91f1dc469bf94cf8f52051d147aec3e1f9497c6fc22461"
dependencies = [
 "winapi",
]

[[package]]
name = "includedir"
version = "0.5.0"
source = "registry+https://github.com/rust-lang/crates.io-index"
checksum = "e97402f770a519ebea51b27131c3b6558cfd2375aff21294bad806bad91bf0b6"
dependencies = [
 "flate2",
 "phf 0.7.24",
]

[[package]]
name = "includedir"
version = "0.6.0"
source = "registry+https://github.com/rust-lang/crates.io-index"
checksum = "afd126bd778c00c43a9dc76d1609a0894bf4222088088b2217ccc0ce9e816db7"
dependencies = [
 "flate2",
 "phf 0.8.0",
]

[[package]]
name = "includedir_codegen"
version = "0.5.0"
source = "registry+https://github.com/rust-lang/crates.io-index"
checksum = "af7d542be113fd84855692fb536c16cc4c09527724d1dca8953047d71cccadef"
dependencies = [
 "flate2",
 "phf_codegen 0.7.24",
 "walkdir",
]

[[package]]
name = "includedir_codegen"
version = "0.6.0"
source = "registry+https://github.com/rust-lang/crates.io-index"
checksum = "0ac1500c9780957c9808c4ec3b94002f35aab01483833f5a8bce7dfb243e3148"
dependencies = [
 "flate2",
 "phf_codegen 0.8.0",
 "walkdir",
]

[[package]]
name = "itoa"
version = "1.0.5"
source = "registry+https://github.com/rust-lang/crates.io-index"
checksum = "fad582f4b9e86b6caa621cabeb0963332d92eea04729ab12892c2533951e6440"

[[package]]
name = "lazy_static"
version = "1.4.0"
source = "registry+https://github.com/rust-lang/crates.io-index"
checksum = "e2abad23fbc42b3700f2f279844dc832adb2b2eb069b2df918f455c4e18cc646"

[[package]]
name = "libc"
version = "0.2.139"
source = "registry+https://github.com/rust-lang/crates.io-index"
checksum = "201de327520df007757c1f0adce6e827fe8562fbc28bfd9c15571c66ca1f5f79"

[[package]]
name = "linked-hash-map"
version = "0.5.6"
source = "registry+https://github.com/rust-lang/crates.io-index"
checksum = "0717cef1bc8b636c6e1c1bbdefc09e6322da8a9321966e8928ef80d20f7f770f"
dependencies = [
 "serde",
]

[[package]]
name = "lock_api"
version = "0.4.11"
source = "registry+https://github.com/rust-lang/crates.io-index"
checksum = "3c168f8615b12bc01f9c17e2eb0cc07dcae1940121185446edc3744920e8ef45"
dependencies = [
 "autocfg 1.1.0",
 "scopeguard",
]

[[package]]
name = "log"
version = "0.4.17"
source = "registry+https://github.com/rust-lang/crates.io-index"
checksum = "abb12e687cfb44aa40f41fc3978ef76448f9b6038cad6aef4259d3c095a2382e"
dependencies = [
 "cfg-if",
]

[[package]]
name = "memchr"
version = "2.5.0"
source = "registry+https://github.com/rust-lang/crates.io-index"
checksum = "2dffe52ecf27772e601905b7522cb4ef790d2cc203488bbd0e2fe85fcb74566d"

[[package]]
name = "merkle-cbt"
version = "0.3.2"
source = "registry+https://github.com/rust-lang/crates.io-index"
checksum = "171d2f700835121c3b04ccf0880882987a050fd5c7ae88148abf537d33dd3a56"
dependencies = [
 "cfg-if",
]

[[package]]
name = "miniz_oxide"
version = "0.6.2"
source = "registry+https://github.com/rust-lang/crates.io-index"
checksum = "b275950c28b37e794e8c55d88aeb5e139d0ce23fdbbeda68f8d7174abdf9e8fa"
dependencies = [
 "adler",
]

[[package]]
name = "molecule"
version = "0.7.5"
source = "registry+https://github.com/rust-lang/crates.io-index"
checksum = "d4fd9767ab5e5f2ea40f71ff4c8bdb633c50509052e093c2fdd0e390a749dfa3"
dependencies = [
 "bytes",
 "cfg-if",
 "faster-hex 0.6.1",
]

[[package]]
name = "numext-constructor"
version = "0.1.6"
source = "registry+https://github.com/rust-lang/crates.io-index"
checksum = "621fe0f044729f810c6815cdd77e8f5e0cd803ce4f6a38380ebfc1322af98661"
dependencies = [
 "proc-macro2",
 "quote",
 "syn",
]

[[package]]
name = "numext-fixed-uint"
version = "0.1.6"
source = "registry+https://github.com/rust-lang/crates.io-index"
checksum = "6c68c76f96d589d1009a666c5072f37f3114d682696505f2cf445f27766c7d70"
dependencies = [
 "numext-fixed-uint-core",
 "numext-fixed-uint-hack",
]

[[package]]
name = "numext-fixed-uint-core"
version = "0.1.6"
source = "registry+https://github.com/rust-lang/crates.io-index"
checksum = "6aab1d6457b97b49482f22a92f0f58a2f39bdd7f3b2f977eae67e8bc206aa980"
dependencies = [
 "heapsize",
 "numext-constructor",
 "rand 0.7.3",
 "serde",
 "thiserror",
]

[[package]]
name = "numext-fixed-uint-hack"
version = "0.1.6"
source = "registry+https://github.com/rust-lang/crates.io-index"
checksum = "0200f8d55c36ec1b6a8cf810115be85d4814f045e0097dfd50033ba25adb4c9e"
dependencies = [
 "numext-fixed-uint-core",
 "proc-macro2",
 "quote",
 "syn",
]

[[package]]
name = "once_cell"
version = "1.17.1"
source = "registry+https://github.com/rust-lang/crates.io-index"
checksum = "b7e5500299e16ebb147ae15a00a942af264cf3688f47923b8fc2cd5858f23ad3"

[[package]]
name = "opaque-debug"
version = "0.2.3"
source = "registry+https://github.com/rust-lang/crates.io-index"
checksum = "2839e79665f131bdb5782e51f2c6c9599c133c6098982a54c794358bf432529c"

[[package]]
name = "parking_lot"
version = "0.12.1"
source = "registry+https://github.com/rust-lang/crates.io-index"
checksum = "3742b2c103b9f06bc9fff0a37ff4912935851bee6d36f3c02bcc755bcfec228f"
dependencies = [
 "lock_api",
 "parking_lot_core",
]

[[package]]
name = "parking_lot_core"
version = "0.9.9"
source = "registry+https://github.com/rust-lang/crates.io-index"
checksum = "4c42a9226546d68acdd9c0a280d17ce19bfe27a46bf68784e4066115788d008e"
dependencies = [
 "cfg-if",
 "libc",
 "redox_syscall",
 "smallvec",
 "windows-targets",
]

[[package]]
name = "paste"
version = "1.0.14"
source = "registry+https://github.com/rust-lang/crates.io-index"
checksum = "de3145af08024dea9fa9914f381a17b8fc6034dfb00f3a84013f7ff43f29ed4c"

[[package]]
name = "phf"
version = "0.7.24"
source = "registry+https://github.com/rust-lang/crates.io-index"
checksum = "b3da44b85f8e8dfaec21adae67f95d93244b2ecf6ad2a692320598dcc8e6dd18"
dependencies = [
 "phf_shared 0.7.24",
]

[[package]]
name = "phf"
version = "0.8.0"
source = "registry+https://github.com/rust-lang/crates.io-index"
checksum = "3dfb61232e34fcb633f43d12c58f83c1df82962dcdfa565a4e866ffc17dafe12"
dependencies = [
 "phf_shared 0.8.0",
]

[[package]]
name = "phf_codegen"
version = "0.7.24"
source = "registry+https://github.com/rust-lang/crates.io-index"
checksum = "b03e85129e324ad4166b06b2c7491ae27fe3ec353af72e72cd1654c7225d517e"
dependencies = [
 "phf_generator 0.7.24",
 "phf_shared 0.7.24",
]

[[package]]
name = "phf_codegen"
version = "0.8.0"
source = "registry+https://github.com/rust-lang/crates.io-index"
checksum = "cbffee61585b0411840d3ece935cce9cb6321f01c45477d30066498cd5e1a815"
dependencies = [
 "phf_generator 0.8.0",
 "phf_shared 0.8.0",
]

[[package]]
name = "phf_generator"
version = "0.7.24"
source = "registry+https://github.com/rust-lang/crates.io-index"
checksum = "09364cc93c159b8b06b1f4dd8a4398984503483891b0c26b867cf431fb132662"
dependencies = [
 "phf_shared 0.7.24",
 "rand 0.6.5",
]

[[package]]
name = "phf_generator"
version = "0.8.0"
source = "registry+https://github.com/rust-lang/crates.io-index"
checksum = "17367f0cc86f2d25802b2c26ee58a7b23faeccf78a396094c13dced0d0182526"
dependencies = [
 "phf_shared 0.8.0",
 "rand 0.7.3",
]

[[package]]
name = "phf_shared"
version = "0.7.24"
source = "registry+https://github.com/rust-lang/crates.io-index"
checksum = "234f71a15de2288bcb7e3b6515828d22af7ec8598ee6d24c3b526fa0a80b67a0"
dependencies = [
 "siphasher 0.2.3",
]

[[package]]
name = "phf_shared"
version = "0.8.0"
source = "registry+https://github.com/rust-lang/crates.io-index"
checksum = "c00cf8b9eafe68dde5e9eaa2cef8ee84a9336a47d566ec55ca16589633b65af7"
dependencies = [
 "siphasher 0.3.11",
]

[[package]]
name = "plain"
version = "0.2.3"
source = "registry+https://github.com/rust-lang/crates.io-index"
checksum = "b4596b6d070b27117e987119b4dac604f3c58cfb0b191112e24771b2faeac1a6"

[[package]]
name = "ppv-lite86"
version = "0.2.17"
source = "registry+https://github.com/rust-lang/crates.io-index"
checksum = "5b40af805b3121feab8a3c29f04d8ad262fa8e0561883e7653e024ae4479e6de"

[[package]]
name = "proc-macro2"
version = "1.0.51"
source = "registry+https://github.com/rust-lang/crates.io-index"
checksum = "5d727cae5b39d21da60fa540906919ad737832fe0b1c165da3a34d6548c849d6"
dependencies = [
 "unicode-ident",
]

[[package]]
name = "quote"
version = "1.0.23"
source = "registry+https://github.com/rust-lang/crates.io-index"
checksum = "8856d8364d252a14d474036ea1358d63c9e6965c8e5c1885c18f73d70bff9c7b"
dependencies = [
 "proc-macro2",
]

[[package]]
name = "rand"
version = "0.6.5"
source = "registry+https://github.com/rust-lang/crates.io-index"
checksum = "6d71dacdc3c88c1fde3885a3be3fbab9f35724e6ce99467f7d9c5026132184ca"
dependencies = [
 "autocfg 0.1.8",
 "libc",
 "rand_chacha 0.1.1",
 "rand_core 0.4.2",
 "rand_hc 0.1.0",
 "rand_isaac",
 "rand_jitter",
 "rand_os",
 "rand_pcg 0.1.2",
 "rand_xorshift",
 "winapi",
]

[[package]]
name = "rand"
version = "0.7.3"
source = "registry+https://github.com/rust-lang/crates.io-index"
checksum = "6a6b1679d49b24bbfe0c803429aa1874472f50d9b363131f0e89fc356b544d03"
dependencies = [
 "getrandom",
 "libc",
 "rand_chacha 0.2.2",
 "rand_core 0.5.1",
 "rand_hc 0.2.0",
 "rand_pcg 0.2.1",
]

[[package]]
name = "rand_chacha"
version = "0.1.1"
source = "registry+https://github.com/rust-lang/crates.io-index"
checksum = "556d3a1ca6600bfcbab7c7c91ccb085ac7fbbcd70e008a98742e7847f4f7bcef"
dependencies = [
 "autocfg 0.1.8",
 "rand_core 0.3.1",
]

[[package]]
name = "rand_chacha"
version = "0.2.2"
source = "registry+https://github.com/rust-lang/crates.io-index"
checksum = "f4c8ed856279c9737206bf725bf36935d8666ead7aa69b52be55af369d193402"
dependencies = [
 "ppv-lite86",
 "rand_core 0.5.1",
]

[[package]]
name = "rand_core"
version = "0.3.1"
source = "registry+https://github.com/rust-lang/crates.io-index"
checksum = "7a6fdeb83b075e8266dcc8762c22776f6877a63111121f5f8c7411e5be7eed4b"
dependencies = [
 "rand_core 0.4.2",
]

[[package]]
name = "rand_core"
version = "0.4.2"
source = "registry+https://github.com/rust-lang/crates.io-index"
checksum = "9c33a3c44ca05fa6f1807d8e6743f3824e8509beca625669633be0acbdf509dc"

[[package]]
name = "rand_core"
version = "0.5.1"
source = "registry+https://github.com/rust-lang/crates.io-index"
checksum = "90bde5296fc891b0cef12a6d03ddccc162ce7b2aff54160af9338f8d40df6d19"
dependencies = [
 "getrandom",
]

[[package]]
name = "rand_hc"
version = "0.1.0"
source = "registry+https://github.com/rust-lang/crates.io-index"
checksum = "7b40677c7be09ae76218dc623efbf7b18e34bced3f38883af07bb75630a21bc4"
dependencies = [
 "rand_core 0.3.1",
]

[[package]]
name = "rand_hc"
version = "0.2.0"
source = "registry+https://github.com/rust-lang/crates.io-index"
checksum = "ca3129af7b92a17112d59ad498c6f81eaf463253766b90396d39ea7a39d6613c"
dependencies = [
 "rand_core 0.5.1",
]

[[package]]
name = "rand_isaac"
version = "0.1.1"
source = "registry+https://github.com/rust-lang/crates.io-index"
checksum = "ded997c9d5f13925be2a6fd7e66bf1872597f759fd9dd93513dd7e92e5a5ee08"
dependencies = [
 "rand_core 0.3.1",
]

[[package]]
name = "rand_jitter"
version = "0.1.4"
source = "registry+https://github.com/rust-lang/crates.io-index"
checksum = "1166d5c91dc97b88d1decc3285bb0a99ed84b05cfd0bc2341bdf2d43fc41e39b"
dependencies = [
 "libc",
 "rand_core 0.4.2",
 "winapi",
]

[[package]]
name = "rand_os"
version = "0.1.3"
source = "registry+https://github.com/rust-lang/crates.io-index"
checksum = "7b75f676a1e053fc562eafbb47838d67c84801e38fc1ba459e8f180deabd5071"
dependencies = [
 "cloudabi",
 "fuchsia-cprng",
 "libc",
 "rand_core 0.4.2",
 "rdrand",
 "winapi",
]

[[package]]
name = "rand_pcg"
version = "0.1.2"
source = "registry+https://github.com/rust-lang/crates.io-index"
checksum = "abf9b09b01790cfe0364f52bf32995ea3c39f4d2dd011eac241d2914146d0b44"
dependencies = [
 "autocfg 0.1.8",
 "rand_core 0.4.2",
]

[[package]]
name = "rand_pcg"
version = "0.2.1"
source = "registry+https://github.com/rust-lang/crates.io-index"
checksum = "16abd0c1b639e9eb4d7c50c0b8100b0d0f849be2349829c740fe8e6eb4816429"
dependencies = [
 "rand_core 0.5.1",
]

[[package]]
name = "rand_xorshift"
version = "0.1.1"
source = "registry+https://github.com/rust-lang/crates.io-index"
checksum = "cbf7e9e623549b0e21f6e97cf8ecf247c1a8fd2e8a992ae265314300b2455d5c"
dependencies = [
 "rand_core 0.3.1",
]

[[package]]
name = "rdrand"
version = "0.4.0"
source = "registry+https://github.com/rust-lang/crates.io-index"
checksum = "678054eb77286b51581ba43620cc911abf02758c91f93f479767aed0f90458b2"
dependencies = [
 "rand_core 0.3.1",
]

[[package]]
name = "redox_syscall"
version = "0.4.1"
source = "registry+https://github.com/rust-lang/crates.io-index"
checksum = "4722d768eff46b75989dd134e5c353f0d6296e5aaa3132e776cbdb56be7731aa"
dependencies = [
 "bitflags",
]

[[package]]
name = "regex"
version = "1.7.1"
source = "registry+https://github.com/rust-lang/crates.io-index"
checksum = "48aaa5748ba571fb95cd2c85c09f629215d3a6ece942baa100950af03a34f733"
dependencies = [
 "aho-corasick",
 "memchr",
 "regex-syntax",
]

[[package]]
name = "regex-syntax"
version = "0.6.28"
source = "registry+https://github.com/rust-lang/crates.io-index"
checksum = "456c603be3e8d448b072f410900c09faf164fbce2d480456f50eea6e25f9c848"

[[package]]
name = "ripemd160"
version = "0.8.0"
source = "registry+https://github.com/rust-lang/crates.io-index"
checksum = "ad5112e0dbbb87577bfbc56c42450235e3012ce336e29c5befd7807bd626da4a"
dependencies = [
 "block-buffer",
 "digest",
 "opaque-debug",
]

[[package]]
name = "rustc_version"
version = "0.4.0"
source = "registry+https://github.com/rust-lang/crates.io-index"
checksum = "bfa0f585226d2e68097d4f95d113b15b83a82e819ab25717ec0590d9584ef366"
dependencies = [
 "semver",
]

[[package]]
name = "ryu"
version = "1.0.12"
source = "registry+https://github.com/rust-lang/crates.io-index"
checksum = "7b4b9743ed687d4b4bcedf9ff5eaa7398495ae14e61cba0a295704edbc7decde"

[[package]]
name = "same-file"
version = "1.0.6"
source = "registry+https://github.com/rust-lang/crates.io-index"
checksum = "93fc1dc3aaa9bfed95e02e6eadabb4baf7e3078b0bd1b4d7b6b0b68378900502"
dependencies = [
 "winapi-util",
]

[[package]]
name = "scopeguard"
version = "1.1.0"
source = "registry+https://github.com/rust-lang/crates.io-index"
checksum = "d29ab0c6d3fc0ee92fe66e2d99f700eab17a8d57d1c1d3b748380fb20baa78cd"

[[package]]
name = "scroll"
version = "0.10.2"
source = "registry+https://github.com/rust-lang/crates.io-index"
checksum = "fda28d4b4830b807a8b43f7b0e6b5df875311b3e7621d84577188c175b6ec1ec"
dependencies = [
 "scroll_derive",
]

[[package]]
name = "scroll_derive"
version = "0.10.5"
source = "registry+https://github.com/rust-lang/crates.io-index"
checksum = "aaaae8f38bb311444cfb7f1979af0bc9240d95795f75f9ceddf6a59b79ceffa0"
dependencies = [
 "proc-macro2",
 "quote",
 "syn",
]

[[package]]
name = "secp256k1"
version = "0.15.5"
source = "registry+https://github.com/rust-lang/crates.io-index"
checksum = "4d311229f403d64002e9eed9964dfa5a0a0c1ac443344f7546bf48e916c6053a"
dependencies = [
 "cc",
 "rand 0.6.5",
]

[[package]]
name = "secp256k1"
version = "0.24.3"
source = "registry+https://github.com/rust-lang/crates.io-index"
checksum = "6b1629c9c557ef9b293568b338dddfc8208c98a18c59d722a9d53f859d9c9b62"
dependencies = [
 "secp256k1-sys",
]

[[package]]
name = "secp256k1-sys"
version = "0.6.1"
source = "registry+https://github.com/rust-lang/crates.io-index"
checksum = "83080e2c2fc1006e625be82e5d1eb6a43b7fd9578b617fcc55814daf286bba4b"
dependencies = [
 "cc",
]

[[package]]
name = "semver"
version = "1.0.21"
source = "registry+https://github.com/rust-lang/crates.io-index"
checksum = "b97ed7a9823b74f99c7742f5336af7be5ecd3eeafcb1507d1fa93347b1d589b0"

[[package]]
name = "serde"
version = "1.0.152"
source = "registry+https://github.com/rust-lang/crates.io-index"
checksum = "bb7d1f0d3021d347a83e556fc4683dea2ea09d87bccdf88ff5c12545d89d5efb"
dependencies = [
 "serde_derive",
]

[[package]]
name = "serde_derive"
version = "1.0.152"
source = "registry+https://github.com/rust-lang/crates.io-index"
checksum = "af487d118eecd09402d70a5d72551860e788df87b464af30e5ea6a38c75c541e"
dependencies = [
 "proc-macro2",
 "quote",
 "syn",
]

[[package]]
name = "serde_json"
version = "1.0.93"
source = "registry+https://github.com/rust-lang/crates.io-index"
checksum = "cad406b69c91885b5107daf2c29572f6c8cdb3c66826821e286c533490c0bc76"
dependencies = [
 "itoa",
 "ryu",
 "serde",
]

[[package]]
name = "sha2"
version = "0.8.2"
source = "registry+https://github.com/rust-lang/crates.io-index"
checksum = "a256f46ea78a0c0d9ff00077504903ac881a1dafdc20da66545699e7776b3e69"
dependencies = [
 "block-buffer",
 "digest",
 "fake-simd",
 "opaque-debug",
]

[[package]]
name = "siphasher"
version = "0.2.3"
source = "registry+https://github.com/rust-lang/crates.io-index"
checksum = "0b8de496cf83d4ed58b6be86c3a275b8602f6ffe98d3024a869e124147a9a3ac"

[[package]]
name = "siphasher"
version = "0.3.11"
source = "registry+https://github.com/rust-lang/crates.io-index"
checksum = "38b58827f4464d87d377d175e90bf58eb00fd8716ff0a62f80356b5e61555d0d"

[[package]]
name = "smallvec"
version = "1.11.2"
source = "registry+https://github.com/rust-lang/crates.io-index"
checksum = "4dccd0940a2dcdf68d092b8cbab7dc0ad8fa938bf95787e1b916b0e3d0e8e970"

[[package]]
name = "syn"
version = "1.0.108"
source = "registry+https://github.com/rust-lang/crates.io-index"
checksum = "d56e159d99e6c2b93995d171050271edb50ecc5288fbc7cc17de8fdce4e58c14"
dependencies = [
 "proc-macro2",
 "quote",
 "unicode-ident",
]

[[package]]
name = "thiserror"
version = "1.0.38"
source = "registry+https://github.com/rust-lang/crates.io-index"
checksum = "6a9cd18aa97d5c45c6603caea1da6628790b37f7a34b6ca89522331c5180fed0"
dependencies = [
 "thiserror-impl",
]

[[package]]
name = "thiserror-impl"
version = "1.0.38"
source = "registry+https://github.com/rust-lang/crates.io-index"
checksum = "1fb327af4685e4d03fa8cbcf1716380da910eeb2bb8be417e7f9fd3fb164f36f"
dependencies = [
 "proc-macro2",
 "quote",
 "syn",
]

[[package]]
name = "toml"
version = "0.5.11"
source = "registry+https://github.com/rust-lang/crates.io-index"
checksum = "f4f7f0dd8d50a853a531c426359045b1998f04219d88799810762cd4ad314234"
dependencies = [
 "serde",
]

[[package]]
name = "typenum"
version = "1.16.0"
source = "registry+https://github.com/rust-lang/crates.io-index"
checksum = "497961ef93d974e23eb6f433eb5fe1b7930b659f06d12dec6fc44a8f554c0bba"

[[package]]
name = "unicode-ident"
version = "1.0.6"
source = "registry+https://github.com/rust-lang/crates.io-index"
checksum = "84a22b9f218b40614adcb3f4ff08b703773ad44fa9423e4e0d346d5db86e4ebc"

[[package]]
name = "walkdir"
version = "2.3.2"
source = "registry+https://github.com/rust-lang/crates.io-index"
checksum = "808cf2735cd4b6866113f648b791c6adc5714537bc222d9347bb203386ffda56"
dependencies = [
 "same-file",
 "winapi",
 "winapi-util",
]

[[package]]
name = "wasi"
version = "0.9.0+wasi-snapshot-preview1"
source = "registry+https://github.com/rust-lang/crates.io-index"
checksum = "cccddf32554fecc6acb585f82a32a72e28b48f8c4c1883ddfeeeaa96f7d8e519"

[[package]]
name = "winapi"
version = "0.3.9"
source = "registry+https://github.com/rust-lang/crates.io-index"
checksum = "5c839a674fcd7a98952e593242ea400abe93992746761e38641405d28b00f419"
dependencies = [
 "winapi-i686-pc-windows-gnu",
 "winapi-x86_64-pc-windows-gnu",
]

[[package]]
name = "winapi-i686-pc-windows-gnu"
version = "0.4.0"
source = "registry+https://github.com/rust-lang/crates.io-index"
checksum = "ac3b87c63620426dd9b991e5ce0329eff545bccbbb34f3be09ff6fb6ab51b7b6"

[[package]]
name = "winapi-util"
version = "0.1.5"
source = "registry+https://github.com/rust-lang/crates.io-index"
checksum = "70ec6ce85bb158151cae5e5c87f95a8e97d2c0c4b001223f33a334e3ce5de178"
dependencies = [
 "winapi",
]

[[package]]
name = "winapi-x86_64-pc-windows-gnu"
version = "0.4.0"
source = "registry+https://github.com/rust-lang/crates.io-index"
checksum = "712e227841d057c1ee1cd2fb22fa7e5a5461ae8e48fa2ca79ec42cfc1931183f"

[[package]]
name = "windows-targets"
version = "0.48.5"
source = "registry+https://github.com/rust-lang/crates.io-index"
checksum = "9a2fa6e2155d7247be68c096456083145c183cbbbc2764150dda45a87197940c"
dependencies = [
 "windows_aarch64_gnullvm",
 "windows_aarch64_msvc",
 "windows_i686_gnu",
 "windows_i686_msvc",
 "windows_x86_64_gnu",
 "windows_x86_64_gnullvm",
 "windows_x86_64_msvc",
]

[[package]]
name = "windows_aarch64_gnullvm"
version = "0.48.5"
source = "registry+https://github.com/rust-lang/crates.io-index"
checksum = "2b38e32f0abccf9987a4e3079dfb67dcd799fb61361e53e2882c3cbaf0d905d8"

[[package]]
name = "windows_aarch64_msvc"
version = "0.48.5"
source = "registry+https://github.com/rust-lang/crates.io-index"
checksum = "dc35310971f3b2dbbf3f0690a219f40e2d9afcf64f9ab7cc1be722937c26b4bc"

[[package]]
name = "windows_i686_gnu"
version = "0.48.5"
source = "registry+https://github.com/rust-lang/crates.io-index"
checksum = "a75915e7def60c94dcef72200b9a8e58e5091744960da64ec734a6c6e9b3743e"

[[package]]
name = "windows_i686_msvc"
version = "0.48.5"
source = "registry+https://github.com/rust-lang/crates.io-index"
checksum = "8f55c233f70c4b27f66c523580f78f1004e8b5a8b659e05a4eb49d4166cca406"

[[package]]
name = "windows_x86_64_gnu"
version = "0.48.5"
source = "registry+https://github.com/rust-lang/crates.io-index"
checksum = "53d40abd2583d23e4718fddf1ebec84dbff8381c07cae67ff7768bbf19c6718e"

[[package]]
name = "windows_x86_64_gnullvm"
version = "0.48.5"
source = "registry+https://github.com/rust-lang/crates.io-index"
checksum = "0b7b52767868a23d5bab768e390dc5f5c55825b6d30b86c844ff2dc7414044cc"

[[package]]
name = "windows_x86_64_msvc"
version = "0.48.5"
source = "registry+https://github.com/rust-lang/crates.io-index"
checksum = "ed94fce61571a4006852b7389a063ab983c02eb1bb37b47f8272ce92d06d9538"
